
Microsoft Visual Studio Solution File, Format Version 12.00
# Visual Studio Version 17
VisualStudioVersion = 17.10.35013.160
MinimumVisualStudioVersion = 10.0.40219.1
Project("{FAE04EC0-301F-11D3-BF4B-00C04F79EFBC}") = "ASP.NET_HomeWork", "ASP.NET_HomeWork\ASP.NET_HomeWork.csproj", "{063C9703-2BFF-46E1-99BE-D8077F2D2FD9}"
EndProject
Project("{FAE04EC0-301F-11D3-BF4B-00C04F79EFBC}") = "Shape", "Shape\Shape.csproj", "{FE684BDF-38BA-4298-94EC-E89CFAE62B69}"
EndProject
Global
	GlobalSection(SolutionConfigurationPlatforms) = preSolution
		Debug|Any CPU = Debug|Any CPU
		Release|Any CPU = Release|Any CPU
	EndGlobalSection
	GlobalSection(ProjectConfigurationPlatforms) = postSolution
		{063C9703-2BFF-46E1-99BE-D8077F2D2FD9}.Debug|Any CPU.ActiveCfg = Debug|Any CPU
		{063C9703-2BFF-46E1-99BE-D8077F2D2FD9}.Debug|Any CPU.Build.0 = Debug|Any CPU
		{063C9703-2BFF-46E1-99BE-D8077F2D2FD9}.Release|Any CPU.ActiveCfg = Release|Any CPU
		{063C9703-2BFF-46E1-99BE-D8077F2D2FD9}.Release|Any CPU.Build.0 = Release|Any CPU
		{FE684BDF-38BA-4298-94EC-E89CFAE62B69}.Debug|Any CPU.ActiveCfg = Debug|Any CPU
		{FE684BDF-38BA-4298-94EC-E89CFAE62B69}.Debug|Any CPU.Build.0 = Debug|Any CPU
		{FE684BDF-38BA-4298-94EC-E89CFAE62B69}.Release|Any CPU.ActiveCfg = Release|Any CPU
		{FE684BDF-38BA-4298-94EC-E89CFAE62B69}.Release|Any CPU.Build.0 = Release|Any CPU
	EndGlobalSection
	GlobalSection(SolutionProperties) = preSolution
		HideSolutionNode = FALSE
	EndGlobalSection
	GlobalSection(ExtensibilityGlobals) = postSolution
		SolutionGuid = {B94E2DD4-0DF7-415E-84ED-C906016D607F}
	EndGlobalSection
EndGlobal
